Microsoft Visual Studio Solution File, Format Version 12.00
# Visual Studio Version 17
VisualStudioVersion = 17.5.2.0
MinimumVisualStudioVersion = 10.0.40219.1
Project("{FAE04EC0-301F-11D3-BF4B-00C04F79EFBC}") = "SavePlus_API", "SavePlus_API.csproj", "{B991DB45-5B4F-2996-BD96-734519224872}"
EndProject
Global
	GlobalSection(SolutionConfigurationPlatforms) = preSolution
		Debug|Any CPU = Debug|Any CPU
		Release|Any CPU = Release|Any CPU
	EndGlobalSection
	GlobalSection(ProjectConfigurationPlatforms) = postSolution
		{B991DB45-5B4F-2996-BD96-734519224872}.Debug|Any CPU.ActiveCfg = Debug|Any CPU
		{B991DB45-5B4F-2996-BD96-734519224872}.Debug|Any CPU.Build.0 = Debug|Any CPU
		{B991DB45-5B4F-2996-BD96-734519224872}.Release|Any CPU.ActiveCfg = Release|Any CPU
		{B991DB45-5B4F-2996-BD96-734519224872}.Release|Any CPU.Build.0 = Release|Any CPU
	EndGlobalSection
	GlobalSection(SolutionProperties) = preSolution
		HideSolutionNode = FALSE
	EndGlobalSection
	GlobalSection(ExtensibilityGlobals) = postSolution
		SolutionGuid = {18525D7C-AAB6-4CD3-8068-883FE2FDD55B}
	EndGlobalSection
EndGlobal
